
Microsoft Visual Studio Solution File, Format Version 12.00
# Visual Studio 15
VisualStudioVersion = 15.0.27130.2020
MinimumVisualStudioVersion = 10.0.40219.1
Project("{8BC9CEB8-8B4A-11D0-8D11-00A0C91BC942}") = "Research", "Research\Research.vcxproj", "{50F3DF70-7AE7-4244-937F-0B465F0D7E58}"
EndProject
Global
	GlobalSection(SolutionConfigurationPlatforms) = preSolution
		Debug|x64 = Debug|x64
		Debug|x86 = Debug|x86
		Release|x64 = Release|x64
		Release|x86 = Release|x86
	EndGlobalSection
	GlobalSection(ProjectConfigurationPlatforms) = postSolution
		{50F3DF70-7AE7-4244-937F-0B465F0D7E58}.Debug|x64.ActiveCfg = Debug|x64
		{50F3DF70-7AE7-4244-937F-0B465F0D7E58}.Debug|x64.Build.0 = Debug|x64
		{50F3DF70-7AE7-4244-937F-0B465F0D7E58}.Debug|x86.ActiveCfg = Debug|Win32
		{50F3DF70-7AE7-4244-937F-0B465F0D7E58}.Debug|x86.Build.0 = Debug|Win32
		{50F3DF70-7AE7-4244-937F-0B465F0D7E58}.Release|x64.ActiveCfg = Release|x64
		{50F3DF70-7AE7-4244-937F-0B465F0D7E58}.Release|x64.Build.0 = Release|x64
		{50F3DF70-7AE7-4244-937F-0B465F0D7E58}.Release|x86.ActiveCfg = Release|Win32
		{50F3DF70-7AE7-4244-937F-0B465F0D7E58}.Release|x86.Build.0 = Release|Win32
	EndGlobalSection
	GlobalSection(SolutionProperties) = preSolution
		HideSolutionNode = FALSE
	EndGlobalSection
	GlobalSection(ExtensibilityGlobals) = postSolution
		SolutionGuid = {945F666D-395D-4FAC-B78C-27320EC42288}
	EndGlobalSection
EndGlobal
